
Microsoft Visual Studio Solution File, Format Version 12.00
# Visual Studio 15
VisualStudioVersion = 15.0.27004.2005
MinimumVisualStudioVersion = 10.0.40219.1
Project("{FAE04EC0-301F-11D3-BF4B-00C04F79EFBC}") = "Lab4", "Lab4\Lab4.csproj", "{CC6F970D-5859-4173-A7FC-9CC9931E369D}"
EndProject
Global
	GlobalSection(SolutionConfigurationPlatforms) = preSolution
		Debug|Any CPU = Debug|Any CPU
		Release|Any CPU = Release|Any CPU
	EndGlobalSection
	GlobalSection(ProjectConfigurationPlatforms) = postSolution
		{CC6F970D-5859-4173-A7FC-9CC9931E369D}.Debug|Any CPU.ActiveCfg = Debug|Any CPU
		{CC6F970D-5859-4173-A7FC-9CC9931E369D}.Debug|Any CPU.Build.0 = Debug|Any CPU
		{CC6F970D-5859-4173-A7FC-9CC9931E369D}.Release|Any CPU.ActiveCfg = Release|Any CPU
		{CC6F970D-5859-4173-A7FC-9CC9931E369D}.Release|Any CPU.Build.0 = Release|Any CPU
	EndGlobalSection
	GlobalSection(SolutionProperties) = preSolution
		HideSolutionNode = FALSE
	EndGlobalSection
	GlobalSection(ExtensibilityGlobals) = postSolution
		SolutionGuid = {070619EC-5CF9-474E-AC27-0A0AB7BA7ED0}
	EndGlobalSection
EndGlobal
